{
  "name": "@draftbase/renderer",
  "version": "0.1.0",
  "lockfileVersion": 3,
  "requires": true,
  "packages": {
    "": {
      "name": "@draftbase/renderer",
      "version": "0.1.0",
      "license": "MIT",
      "dependencies": {
        "@mdx-js/mdx": "^3.1.1",
        "rehype-slug": "^6.0.0",
        "rehype-stringify": "^10.0.1",
        "remark-gfm": "^4.0.0",
        "remark-parse": "^11.0.0",
        "remark-rehype": "^11.1.2",
        "unified": "^11.0.5"
      },
      "devDependencies": {
        "@types/mdx": "^2.0.13",
        "@types/node": "^22.9.0",
        "@types/react": "^19.0.0",
        "react": "^19.0.0",
        "typescript": "^5.6.0",
        "vue": "^3.5.0"
      },
      "peerDependencies": {
        "react": ">=18",
        "vue": ">=3"
      },
      "peerDependenciesMeta": {
        "react": {
          "optional": true
        },
        "vue": {
          "optional": true
        }
      }
    },
    "../../node_modules/.pnpm/@mdx-js+mdx@3.1.1/node_modules/@mdx-js/mdx": {
      "version": "3.1.1",
      "license": "MIT",
      "dependencies": {
        "@types/estree": "^1.0.0",
        "@types/estree-jsx": "^1.0.0",
        "@types/hast": "^3.0.0",
        "@types/mdx": "^2.0.0",
        "acorn": "^8.0.0",
        "collapse-white-space": "^2.0.0",
        "devlop": "^1.0.0",
        "estree-util-is-identifier-name": "^3.0.0",
        "estree-util-scope": "^1.0.0",
        "estree-walker": "^3.0.0",
        "hast-util-to-jsx-runtime": "^2.0.0",
        "markdown-extensions": "^2.0.0",
        "recma-build-jsx": "^1.0.0",
        "recma-jsx": "^1.0.0",
        "recma-stringify": "^1.0.0",
        "rehype-recma": "^1.0.0",
        "remark-mdx": "^3.0.0",
        "remark-parse": "^11.0.0",
        "remark-rehype": "^11.0.0",
        "source-map": "^0.7.0",
        "unified": "^11.0.0",
        "unist-util-position-from-estree": "^2.0.0",
        "unist-util-stringify-position": "^4.0.0",
        "unist-util-visit": "^5.0.0",
        "vfile": "^6.0.0"
      },
      "funding": {
        "type": "opencollective",
        "url": "https://opencollective.com/unified"
      }
    },
    "../../node_modules/.pnpm/@types+mdx@2.0.14/node_modules/@types/mdx": {
      "version": "2.0.14",
      "dev": true,
      "license": "MIT"
    },
    "../../node_modules/.pnpm/@types+node@22.20.1/node_modules/@types/node": {
      "version": "22.20.1",
      "dev": true,
      "license": "MIT",
      "dependencies": {
        "undici-types": "~6.21.0"
      }
    },
    "../../node_modules/.pnpm/@types+react@19.2.17/node_modules/@types/react": {
      "version": "19.2.17",
      "dev": true,
      "license": "MIT",
      "dependencies": {
        "csstype": "^3.2.2"
      }
    },
    "../../node_modules/.pnpm/next@15.5.22_react-dom@19.2.8_react@19.2.8__react@19.2.8/node_modules/next": {
      "version": "15.5.22",
      "extraneous": true,
      "license": "MIT",
      "dependencies": {
        "@next/env": "15.5.22",
        "@swc/helpers": "0.5.15",
        "caniuse-lite": "^1.0.30001579",
        "postcss": "8.4.31",
        "styled-jsx": "5.1.6"
      },
      "bin": {
        "next": "dist/bin/next"
      },
      "engines": {
        "node": "^18.18.0 || ^19.8.0 || >= 20.0.0"
      },
      "optionalDependencies": {
        "@next/swc-darwin-arm64": "15.5.22",
        "@next/swc-darwin-x64": "15.5.22",
        "@next/swc-linux-arm64-gnu": "15.5.22",
        "@next/swc-linux-arm64-musl": "15.5.22",
        "@next/swc-linux-x64-gnu": "15.5.22",
        "@next/swc-linux-x64-musl": "15.5.22",
        "@next/swc-win32-arm64-msvc": "15.5.22",
        "@next/swc-win32-x64-msvc": "15.5.22",
        "sharp": "^0.34.3"
      },
      "peerDependencies": {
        "@opentelemetry/api": "^1.1.0",
        "@playwright/test": "^1.51.1",
        "babel-plugin-react-compiler": "*",
        "react": "^18.2.0 || 19.0.0-rc-de68d2f4-20241204 || ^19.0.0",
        "react-dom": "^18.2.0 || 19.0.0-rc-de68d2f4-20241204 || ^19.0.0",
        "sass": "^1.3.0"
      },
      "peerDependenciesMeta": {
        "@opentelemetry/api": {
          "optional": true
        },
        "@playwright/test": {
          "optional": true
        },
        "babel-plugin-react-compiler": {
          "optional": true
        },
        "sass": {
          "optional": true
        }
      }
    },
    "../../node_modules/.pnpm/react@19.2.8/node_modules/react": {
      "version": "19.2.8",
      "dev": true,
      "license": "MIT",
      "engines": {
        "node": ">=0.10.0"
      }
    },
    "../../node_modules/.pnpm/rehype-slug@6.0.0/node_modules/rehype-slug": {
      "version": "6.0.0",
      "license": "MIT",
      "dependencies": {
        "@types/hast": "^3.0.0",
        "github-slugger": "^2.0.0",
        "hast-util-heading-rank": "^3.0.0",
        "hast-util-to-string": "^3.0.0",
        "unist-util-visit": "^5.0.0"
      },
      "devDependencies": {
        "@types/node": "^20.0.0",
        "c8": "^8.0.0",
        "prettier": "^3.0.0",
        "rehype": "^13.0.0",
        "remark-cli": "^11.0.0",
        "remark-preset-wooorm": "^9.0.0",
        "type-coverage": "^2.0.0",
        "typescript": "^5.0.0",
        "xo": "^0.56.0"
      },
      "funding": {
        "type": "opencollective",
        "url": "https://opencollective.com/unified"
      }
    },
    "../../node_modules/.pnpm/rehype-stringify@10.0.1/node_modules/rehype-stringify": {
      "version": "10.0.1",
      "license": "MIT",
      "dependencies": {
        "@types/hast": "^3.0.0",
        "hast-util-to-html": "^9.0.0",
        "unified": "^11.0.0"
      },
      "funding": {
        "type": "opencollective",
        "url": "https://opencollective.com/unified"
      }
    },
    "../../node_modules/.pnpm/remark-gfm@4.0.1/node_modules/remark-gfm": {
      "version": "4.0.1",
      "license": "MIT",
      "dependencies": {
        "@types/mdast": "^4.0.0",
        "mdast-util-gfm": "^3.0.0",
        "micromark-extension-gfm": "^3.0.0",
        "remark-parse": "^11.0.0",
        "remark-stringify": "^11.0.0",
        "unified": "^11.0.0"
      },
      "devDependencies": {
        "@types/node": "^22.0.0",
        "c8": "^10.0.0",
        "is-hidden": "^2.0.0",
        "prettier": "^3.0.0",
        "remark": "^15.0.0",
        "remark-cli": "^12.0.0",
        "remark-preset-wooorm": "^11.0.0",
        "string-width": "^6.0.0",
        "to-vfile": "^8.0.0",
        "type-coverage": "^2.0.0",
        "typescript": "^5.0.0",
        "xo": "^0.60.0"
      },
      "funding": {
        "type": "opencollective",
        "url": "https://opencollective.com/unified"
      }
    },
    "../../node_modules/.pnpm/remark-parse@11.0.0/node_modules/remark-parse": {
      "version": "11.0.0",
      "license": "MIT",
      "dependencies": {
        "@types/mdast": "^4.0.0",
        "mdast-util-from-markdown": "^2.0.0",
        "micromark-util-types": "^2.0.0",
        "unified": "^11.0.0"
      },
      "funding": {
        "type": "opencollective",
        "url": "https://opencollective.com/unified"
      }
    },
    "../../node_modules/.pnpm/remark-rehype@11.1.2/node_modules/remark-rehype": {
      "version": "11.1.2",
      "license": "MIT",
      "dependencies": {
        "@types/hast": "^3.0.0",
        "@types/mdast": "^4.0.0",
        "mdast-util-to-hast": "^13.0.0",
        "unified": "^11.0.0",
        "vfile": "^6.0.0"
      },
      "devDependencies": {
        "@types/node": "^22.0.0",
        "c8": "^10.0.0",
        "prettier": "^3.0.0",
        "rehype-slug": "^6.0.0",
        "rehype-stringify": "^10.0.0",
        "remark-cli": "^12.0.0",
        "remark-parse": "^11.0.0",
        "remark-preset-wooorm": "^11.0.0",
        "remark-stringify": "^11.0.0",
        "type-coverage": "^2.0.0",
        "typescript": "^5.0.0",
        "xo": "^0.60.0"
      },
      "funding": {
        "type": "opencollective",
        "url": "https://opencollective.com/unified"
      }
    },
    "../../node_modules/.pnpm/typescript@5.9.3/node_modules/typescript": {
      "version": "5.9.3",
      "dev": true,
      "license": "Apache-2.0",
      "bin": {
        "tsc": "bin/tsc",
        "tsserver": "bin/tsserver"
      },
      "devDependencies": {
        "@dprint/formatter": "^0.4.1",
        "@dprint/typescript": "0.93.4",
        "@esfx/canceltoken": "^1.0.0",
        "@eslint/js": "^9.20.0",
        "@octokit/rest": "^21.1.1",
        "@types/chai": "^4.3.20",
        "@types/diff": "^7.0.1",
        "@types/minimist": "^1.2.5",
        "@types/mocha": "^10.0.10",
        "@types/ms": "^0.7.34",
        "@types/node": "latest",
        "@types/source-map-support": "^0.5.10",
        "@types/which": "^3.0.4",
        "@typescript-eslint/rule-tester": "^8.24.1",
        "@typescript-eslint/type-utils": "^8.24.1",
        "@typescript-eslint/utils": "^8.24.1",
        "azure-devops-node-api": "^14.1.0",
        "c8": "^10.1.3",
        "chai": "^4.5.0",
        "chokidar": "^4.0.3",
        "diff": "^7.0.0",
        "dprint": "^0.49.0",
        "esbuild": "^0.25.0",
        "eslint": "^9.20.1",
        "eslint-formatter-autolinkable-stylish": "^1.4.0",
        "eslint-plugin-regexp": "^2.7.0",
        "fast-xml-parser": "^4.5.2",
        "glob": "^10.4.5",
        "globals": "^15.15.0",
        "hereby": "^1.10.0",
        "jsonc-parser": "^3.3.1",
        "knip": "^5.44.4",
        "minimist": "^1.2.8",
        "mocha": "^10.8.2",
        "mocha-fivemat-progress-reporter": "^0.1.0",
        "monocart-coverage-reports": "^2.12.1",
        "ms": "^2.1.3",
        "picocolors": "^1.1.1",
        "playwright": "^1.50.1",
        "source-map-support": "^0.5.21",
        "tslib": "^2.8.1",
        "typescript": "^5.7.3",
        "typescript-eslint": "^8.24.1",
        "which": "^3.0.1"
      },
      "engines": {
        "node": ">=14.17"
      }
    },
    "../../node_modules/.pnpm/unified@11.0.5/node_modules/unified": {
      "version": "11.0.5",
      "license": "MIT",
      "dependencies": {
        "@types/unist": "^3.0.0",
        "bail": "^2.0.0",
        "devlop": "^1.0.0",
        "extend": "^3.0.0",
        "is-plain-obj": "^4.0.0",
        "trough": "^2.0.0",
        "vfile": "^6.0.0"
      },
      "devDependencies": {
        "@types/extend": "^3.0.0",
        "@types/hast": "^3.0.0",
        "@types/mdast": "^4.0.0",
        "@types/node": "^20.0.0",
        "c8": "^10.0.0",
        "prettier": "^3.0.0",
        "remark-cli": "^12.0.0",
        "remark-preset-wooorm": "^10.0.0",
        "tsd": "^0.31.0",
        "type-coverage": "^2.0.0",
        "typescript": "^5.0.0",
        "xo": "^0.58.0"
      },
      "funding": {
        "type": "opencollective",
        "url": "https://opencollective.com/unified"
      }
    },
    "../../node_modules/.pnpm/vue@3.5.41_typescript@5.9.3/node_modules/vue": {
      "version": "3.5.41",
      "dev": true,
      "license": "MIT",
      "dependencies": {
        "@vue/compiler-dom": "3.5.41",
        "@vue/compiler-sfc": "3.5.41",
        "@vue/runtime-dom": "3.5.41",
        "@vue/server-renderer": "3.5.41",
        "@vue/shared": "3.5.41"
      },
      "peerDependencies": {
        "typescript": "*"
      },
      "peerDependenciesMeta": {
        "typescript": {
          "optional": true
        }
      }
    },
    "node_modules/@mdx-js/mdx": {
      "resolved": "../../node_modules/.pnpm/@mdx-js+mdx@3.1.1/node_modules/@mdx-js/mdx",
      "link": true
    },
    "node_modules/@types/mdx": {
      "resolved": "../../node_modules/.pnpm/@types+mdx@2.0.14/node_modules/@types/mdx",
      "link": true
    },
    "node_modules/@types/node": {
      "resolved": "../../node_modules/.pnpm/@types+node@22.20.1/node_modules/@types/node",
      "link": true
    },
    "node_modules/@types/react": {
      "resolved": "../../node_modules/.pnpm/@types+react@19.2.17/node_modules/@types/react",
      "link": true
    },
    "node_modules/react": {
      "resolved": "../../node_modules/.pnpm/react@19.2.8/node_modules/react",
      "link": true
    },
    "node_modules/rehype-slug": {
      "resolved": "../../node_modules/.pnpm/rehype-slug@6.0.0/node_modules/rehype-slug",
      "link": true
    },
    "node_modules/rehype-stringify": {
      "resolved": "../../node_modules/.pnpm/rehype-stringify@10.0.1/node_modules/rehype-stringify",
      "link": true
    },
    "node_modules/remark-gfm": {
      "resolved": "../../node_modules/.pnpm/remark-gfm@4.0.1/node_modules/remark-gfm",
      "link": true
    },
    "node_modules/remark-parse": {
      "resolved": "../../node_modules/.pnpm/remark-parse@11.0.0/node_modules/remark-parse",
      "link": true
    },
    "node_modules/remark-rehype": {
      "resolved": "../../node_modules/.pnpm/remark-rehype@11.1.2/node_modules/remark-rehype",
      "link": true
    },
    "node_modules/typescript": {
      "resolved": "../../node_modules/.pnpm/typescript@5.9.3/node_modules/typescript",
      "link": true
    },
    "node_modules/unified": {
      "resolved": "../../node_modules/.pnpm/unified@11.0.5/node_modules/unified",
      "link": true
    },
    "node_modules/vue": {
      "resolved": "../../node_modules/.pnpm/vue@3.5.41_typescript@5.9.3/node_modules/vue",
      "link": true
    }
  }
}
